// !$*UTF8*$!
{
	archiveVersion = 1;
	classes = {
	};
	objectVersion = 77;
	objects = {

/* Begin PBXBuildFile section */
		00659B8342F2BACC70A60BFB /* VoiceInputView.swift in Sources */ = {isa = PBXBuildFile; fileRef = 61F66A4FE516B8A86073D9B3 /* VoiceInputView.swift */; };
		00D8301F3E74117DF9AA973B /* AnthropicServiceTests.swift in Sources */ = {isa = PBXBuildFile; fileRef = F77568CC779F6818DEF9ADCC /* AnthropicServiceTests.swift */; };
		026C148F047C0BFD727A7A17 /* AppSettings.swift in Sources */ = {isa = PBXBuildFile; fileRef = 81A63E61EA4ABC850E93CB2E /* AppSettings.swift */; };
		033B5DE1A4166D33D74334B9 /* ResponseParser.swift in Sources */ = {isa = PBXBuildFile; fileRef = 192E20839A759A3AF4CC7D51 /* ResponseParser.swift */; };
		0346190953B25D320839884F /* Config.template.plist in Resources */ = {isa = PBXBuildFile; fileRef = E040537D24996C58EBA537D8 /* Config.template.plist */; };
		08B73D82C6BB007D6B4AFE15 /* AppLanguage.swift in Sources */ = {isa = PBXBuildFile; fileRef = 1607A6E887C79A834F460459 /* AppLanguage.swift */; };
		09099979FE939EB2AF863CF9 /* SpeechRecognitionService.swift in Sources */ = {isa = PBXBuildFile; fileRef = 1FD87491EB57716C7181C506 /* SpeechRecognitionService.swift */; };
		0A34DEDADFDCDA5E7ADE5A1C /* AnthropicService.swift in Sources */ = {isa = PBXBuildFile; fileRef = C28CC98EB4FCDC9137D15433 /* AnthropicService.swift */; };
		0EB7A9CA948A196FA81EBD88 /* TTSPlaybackService.swift in Sources */ = {isa = PBXBuildFile; fileRef = E4F296F432E8A069994E5167 /* TTSPlaybackService.swift */; };
		109845A5BD28BDC5307C4A51 /* KeychainService.swift in Sources */ = {isa = PBXBuildFile; fileRef = 6BCBA23B5D640E11325097D0 /* KeychainService.swift */; };
		112C860A4101D395FAA0F637 /* TreeLayoutEngineTests.swift in Sources */ = {isa = PBXBuildFile; fileRef = AA8D4F615BD301FC609D050A /* TreeLayoutEngineTests.swift */; };
		1307449DE0CB3798F0EA6C91 /* ParentSettingsView.swift in Sources */ = {isa = PBXBuildFile; fileRef = 1B08B6C7C928249161C6C0AC /* ParentSettingsView.swift */; };
		15C2944B9C7F642A1F1CE5E0 /* TreeLayoutEngineTests.swift in Sources */ = {isa = PBXBuildFile; fileRef = AA8D4F615BD301FC609D050A /* TreeLayoutEngineTests.swift */; };
		1CDA6E9592B48813ECDFA8D7 /* OnboardingView.swift in Sources */ = {isa = PBXBuildFile; fileRef = 1DD215422DC5781D0AFDAAEE /* OnboardingView.swift */; };
		1DA60359B8EB91B16DB3188F /* ConfigProvider.swift in Sources */ = {isa = PBXBuildFile; fileRef = 2927967CBDF0913F5EDD0EC7 /* ConfigProvider.swift */; };
		1F4DE59430E6D724194CD0C6 /* Config.template.plist in Resources */ = {isa = PBXBuildFile; fileRef = E040537D24996C58EBA537D8 /* Config.template.plist */; };
		232A2240F8CDCBF5093977DA /* BarbaraAvatarTests.swift in Sources */ = {isa = PBXBuildFile; fileRef = A553A59D04C7ABFA86CF117E /* BarbaraAvatarTests.swift */; };
		2B14BDEB8225AE1C3D457F15 /* OnboardingView.swift in Sources */ = {isa = PBXBuildFile; fileRef = 1DD215422DC5781D0AFDAAEE /* OnboardingView.swift */; };
		2B62856D49AD9FB989384F80 /* AnthropicModel.swift in Sources */ = {isa = PBXBuildFile; fileRef = 10F6CAB4EBA45B17A293C4C0 /* AnthropicModel.swift */; };
		2C1D8AB58512AA4B4605815E /* AnthropicService.swift in Sources */ = {isa = PBXBuildFile; fileRef = C28CC98EB4FCDC9137D15433 /* AnthropicService.swift */; };
		33274CD62BE5B41D80760AC0 /* SystemPromptAssemblerTests.swift in Sources */ = {isa = PBXBuildFile; fileRef = 65A78B634A6D6F9D4CD57BC7 /* SystemPromptAssemblerTests.swift */; };
		33D97DD448F0E5566052D4BC /* SpeechRecognitionServiceTests.swift in Sources */ = {isa = PBXBuildFile; fileRef = 3D57221714F45B9C00201617 /* SpeechRecognitionServiceTests.swift */; };
		3663C29466AF276F1C5289C7 /* SystemPromptAssembler.swift in Sources */ = {isa = PBXBuildFile; fileRef = F4096FB5122C41B3F25CCFB2 /* SystemPromptAssembler.swift */; };
		3A691C0923E2348327202674 /* SayItRightApp.swift in Sources */ = {isa = PBXBuildFile; fileRef = DE9990EFFDBC213F3F1D0B19 /* SayItRightApp.swift */; };
		3C009DF5A5015AB1595F05B2 /* DebugLogView.swift in Sources */ = {isa = PBXBuildFile; fileRef = 2D7F67899A791B97B42902B0 /* DebugLogView.swift */; };
		465D99D2F607EE3A29C71228 /* Topic.swift in Sources */ = {isa = PBXBuildFile; fileRef = 188F1F9BBC0111EE4F4EB660 /* Topic.swift */; };
		4754932F6E5805C72ADB45E2 /* KeychainService.swift in Sources */ = {isa = PBXBuildFile; fileRef = 6BCBA23B5D640E11325097D0 /* KeychainService.swift */; };
		487820CDB3AB1F86C7D41CD1 /* Assets.xcassets in Resources */ = {isa = PBXBuildFile; fileRef = 2679A39DC09E233E6C5FB8DC /* Assets.xcassets */; };
		487E6CBCA4808690CB6B31C4 /* DebugLogger.swift in Sources */ = {isa = PBXBuildFile; fileRef = B1355D670E0F227DE429EAB9 /* DebugLogger.swift */; };
		4DBA3C9AB5E598841BC408FA /* TreeLayoutEngine.swift in Sources */ = {isa = PBXBuildFile; fileRef = B4AEE9C322510B2451BC0B6B /* TreeLayoutEngine.swift */; };
		537119E6E50C56A7FBE6CF59 /* AudioSessionManager.swift in Sources */ = {isa = PBXBuildFile; fileRef = ED72B2F78895FD96D69C5698 /* AudioSessionManager.swift */; };
		5673D8240DB6073E30B4EAF5 /* LearnerProfileStore.swift in Sources */ = {isa = PBXBuildFile; fileRef = D7340051027E1031862796AD /* LearnerProfileStore.swift */; };
		58C18276239608ABD6F07EBB /* AudioSessionManagerTests.swift in Sources */ = {isa = PBXBuildFile; fileRef = 0D5A7EA09817CE62F1FE9796 /* AudioSessionManagerTests.swift */; };
		5F51449B08403989803DD749 /* ResponseParser.swift in Sources */ = {isa = PBXBuildFile; fileRef = 192E20839A759A3AF4CC7D51 /* ResponseParser.swift */; };
		60E3DD654D41C484DFD3281E /* AudioSessionManagerTests.swift in Sources */ = {isa = PBXBuildFile; fileRef = 0D5A7EA09817CE62F1FE9796 /* AudioSessionManagerTests.swift */; };
		64A04AB12BD9FD132B0D9F8A /* TreeLayoutEngine.swift in Sources */ = {isa = PBXBuildFile; fileRef = B4AEE9C322510B2451BC0B6B /* TreeLayoutEngine.swift */; };
		64E2CA4EDF1673C44CE2300E /* LearnerProfileStore.swift in Sources */ = {isa = PBXBuildFile; fileRef = D7340051027E1031862796AD /* LearnerProfileStore.swift */; };
		694D7A17D77BC80EF7C0DFE6 /* AppSettings.swift in Sources */ = {isa = PBXBuildFile; fileRef = 81A63E61EA4ABC850E93CB2E /* AppSettings.swift */; };
		69648C78907876EC6BDB6892 /* SettingsView.swift in Sources */ = {isa = PBXBuildFile; fileRef = 8AB92388718B19A2E45FBDC1 /* SettingsView.swift */; };
		6F351D5B9B24A9F12D68E3BC /* AudioSessionManager.swift in Sources */ = {isa = PBXBuildFile; fileRef = ED72B2F78895FD96D69C5698 /* AudioSessionManager.swift */; };
		7043BFA9D8C90767E45A2FD5 /* BarbaraMood.swift in Sources */ = {isa = PBXBuildFile; fileRef = 942B7D62D7DC6CDF6EE5C3AD /* BarbaraMood.swift */; };
		75AE4B49A8AA6C07DFCFE084 /* SayItRightApp.swift in Sources */ = {isa = PBXBuildFile; fileRef = DE9990EFFDBC213F3F1D0B19 /* SayItRightApp.swift */; };
		7A274863874522A22D93C22B /* LearnerProfile.swift in Sources */ = {isa = PBXBuildFile; fileRef = 49EB5CEF2D12A478BB1EA7AF /* LearnerProfile.swift */; };
		7B05C7916E626A00EABE4E1E /* VoiceInputView.swift in Sources */ = {isa = PBXBuildFile; fileRef = 61F66A4FE516B8A86073D9B3 /* VoiceInputView.swift */; };
		81160A48F23B0693F8B6BE38 /* VoiceInputViewModel.swift in Sources */ = {isa = PBXBuildFile; fileRef = 26FFAF667809AFED071F2163 /* VoiceInputViewModel.swift */; };
		812AC213EB49FEC705555E09 /* ResponseParserTests.swift in Sources */ = {isa = PBXBuildFile; fileRef = C8D179C236AD14B5C8076627 /* ResponseParserTests.swift */; };
		8253B0ABF87DA1DEF424AB4E /* MicrophoneButton.swift in Sources */ = {isa = PBXBuildFile; fileRef = 8309BF4EE774FABE588555F4 /* MicrophoneButton.swift */; };
		868CC677F0EF47C03E66115E /* BarbaraAvatarView.swift in Sources */ = {isa = PBXBuildFile; fileRef = 36C6BF2F47F0B8EFFC2DF98B /* BarbaraAvatarView.swift */; };
		8D0594B48254C2F95AB7F9F3 /* LearnerAvatar.swift in Sources */ = {isa = PBXBuildFile; fileRef = CE528A4BB6F7C58BD0CC3708 /* LearnerAvatar.swift */; };
		8E8D202555A73B2756F2EBB0 /* TTSPlaybackService.swift in Sources */ = {isa = PBXBuildFile; fileRef = E4F296F432E8A069994E5167 /* TTSPlaybackService.swift */; };
		908ED70F336A90E3DBF4E198 /* AnthropicServiceTests.swift in Sources */ = {isa = PBXBuildFile; fileRef = F77568CC779F6818DEF9ADCC /* AnthropicServiceTests.swift */; };
		940C00B95F727301E44CC7BC /* MicrophoneButton.swift in Sources */ = {isa = PBXBuildFile; fileRef = 8309BF4EE774FABE588555F4 /* MicrophoneButton.swift */; };
		9C6C847EC9BCCD14AE067A8A /* TTSPlaybackServiceTests.swift in Sources */ = {isa = PBXBuildFile; fileRef = A1964D965458CCC6A3A747B0 /* TTSPlaybackServiceTests.swift */; };
		9E229F94708A12673A30600F /* PINEntryView.swift in Sources */ = {isa = PBXBuildFile; fileRef = 9A0B8EDE7E53601DCAC1DB42 /* PINEntryView.swift */; };
		9E94F43764B254F793A66465 /* PINEntryView.swift in Sources */ = {isa = PBXBuildFile; fileRef = 9A0B8EDE7E53601DCAC1DB42 /* PINEntryView.swift */; };
		A9B7342D214CE45653F5BAB3 /* LearnerAvatar.swift in Sources */ = {isa = PBXBuildFile; fileRef = CE528A4BB6F7C58BD0CC3708 /* LearnerAvatar.swift */; };
		A9BA44DA0F1F2B687C7EB602 /* AnthropicModel.swift in Sources */ = {isa = PBXBuildFile; fileRef = 10F6CAB4EBA45B17A293C4C0 /* AnthropicModel.swift */; };
		B007E9CAE8E63D427DBBFF69 /* ParentGate.swift in Sources */ = {isa = PBXBuildFile; fileRef = B22653B114F07E9EA40C7C62 /* ParentGate.swift */; };
		B69E88F9600BA196BDC08FCB /* SettingsView.swift in Sources */ = {isa = PBXBuildFile; fileRef = 8AB92388718B19A2E45FBDC1 /* SettingsView.swift */; };
		B9A55A00D5E93D6AC049A85C /* ConfigProvider.swift in Sources */ = {isa = PBXBuildFile; fileRef = 2927967CBDF0913F5EDD0EC7 /* ConfigProvider.swift */; };
		BC5F147A088AEBDA38856EEE /* DebugLogger.swift in Sources */ = {isa = PBXBuildFile; fileRef = B1355D670E0F227DE429EAB9 /* DebugLogger.swift */; };
		BF7E68D87F7FE0DDCF4867D1 /* SystemPromptAssemblerTests.swift in Sources */ = {isa = PBXBuildFile; fileRef = 65A78B634A6D6F9D4CD57BC7 /* SystemPromptAssemblerTests.swift */; };
		BFEC1C8AE1C77FC5D94AB5B6 /* SystemPromptAssembler.swift in Sources */ = {isa = PBXBuildFile; fileRef = F4096FB5122C41B3F25CCFB2 /* SystemPromptAssembler.swift */; };
		C15605E88266D05B8736AB18 /* BarbaraMood.swift in Sources */ = {isa = PBXBuildFile; fileRef = 942B7D62D7DC6CDF6EE5C3AD /* BarbaraMood.swift */; };
		CB5CCD79737A6748BDABC401 /* LearnerProfileTests.swift in Sources */ = {isa = PBXBuildFile; fileRef = 9A1C0B31006940A2DBFE5E41 /* LearnerProfileTests.swift */; };
		D43F8B89B23167F2FA4EE2A2 /* MockSpeechRecognitionService.swift in Sources */ = {isa = PBXBuildFile; fileRef = D1A734FF80156849AAC5CD69 /* MockSpeechRecognitionService.swift */; };
		D66A3776BF922A53B0E059B8 /* TTSPlaybackServiceTests.swift in Sources */ = {isa = PBXBuildFile; fileRef = A1964D965458CCC6A3A747B0 /* TTSPlaybackServiceTests.swift */; };
		DDD2F11F3AD9916F6E39F996 /* AppLanguage.swift in Sources */ = {isa = PBXBuildFile; fileRef = 1607A6E887C79A834F460459 /* AppLanguage.swift */; };
		DE1CC7ECEADF4111754C15B0 /* VoiceInputViewModel.swift in Sources */ = {isa = PBXBuildFile; fileRef = 26FFAF667809AFED071F2163 /* VoiceInputViewModel.swift */; };
		DE38095862958923B2416C42 /* BarbaraAvatarTests.swift in Sources */ = {isa = PBXBuildFile; fileRef = A553A59D04C7ABFA86CF117E /* BarbaraAvatarTests.swift */; };
		DE4B413678C1C56B351AAF07 /* SpeechRecognitionService.swift in Sources */ = {isa = PBXBuildFile; fileRef = 1FD87491EB57716C7181C506 /* SpeechRecognitionService.swift */; };
		E071B3F83FAD19AECA65C8A1 /* ParentSettingsView.swift in Sources */ = {isa = PBXBuildFile; fileRef = 1B08B6C7C928249161C6C0AC /* ParentSettingsView.swift */; };
		E1C178382A2262BB8A5C7E72 /* Topic.swift in Sources */ = {isa = PBXBuildFile; fileRef = 188F1F9BBC0111EE4F4EB660 /* Topic.swift */; };
		E2E771E2E6E4B969403D183A /* ResponseParserTests.swift in Sources */ = {isa = PBXBuildFile; fileRef = C8D179C236AD14B5C8076627 /* ResponseParserTests.swift */; };
		E82E1F599E93664105775B47 /* LearnerProfile.swift in Sources */ = {isa = PBXBuildFile; fileRef = 49EB5CEF2D12A478BB1EA7AF /* LearnerProfile.swift */; };
		E964ABEE2D1CD7095C2F2CFE /* BarbaraAvatarView.swift in Sources */ = {isa = PBXBuildFile; fileRef = 36C6BF2F47F0B8EFFC2DF98B /* BarbaraAvatarView.swift */; };
		EC2B4036D1202B37FDCFF1B7 /* ParentGate.swift in Sources */ = {isa = PBXBuildFile; fileRef = B22653B114F07E9EA40C7C62 /* ParentGate.swift */; };
		EE7B786DFC8E07B8C334D925 /* SpeechRecognitionServiceTests.swift in Sources */ = {isa = PBXBuildFile; fileRef = 3D57221714F45B9C00201617 /* SpeechRecognitionServiceTests.swift */; };
		F1F057BADCA87A05AF322BC6 /* LearnerProfileTests.swift in Sources */ = {isa = PBXBuildFile; fileRef = 9A1C0B31006940A2DBFE5E41 /* LearnerProfileTests.swift */; };
		F3EA6C9E62178099319F591E /* DebugLogView.swift in Sources */ = {isa = PBXBuildFile; fileRef = 2D7F67899A791B97B42902B0 /* DebugLogView.swift */; };
		F5A28442A564B05F3EB1CFE0 /* MockSpeechRecognitionService.swift in Sources */ = {isa = PBXBuildFile; fileRef = D1A734FF80156849AAC5CD69 /* MockSpeechRecognitionService.swift */; };
		F68A7E82CAC1C17DF3417D14 /* Assets.xcassets in Resources */ = {isa = PBXBuildFile; fileRef = 2679A39DC09E233E6C5FB8DC /* Assets.xcassets */; };
/* End PBXBuildFile section */

/* Begin PBXContainerItemProxy section */
		D76C50E01037BCEFCDD7EB7E /* PBXContainerItemProxy */ = {
			isa = PBXContainerItemProxy;
			containerPortal = 1CFBB297CD089A1499588882 /* Project object */;
			proxyType = 1;
			remoteGlobalIDString = FF3CD3685B4FB00CC420BEE0;
			remoteInfo = SayItRight_macOS;
		};
		FE6048537BC49CDCDF1C82CC /* PBXContainerItemProxy */ = {
			isa = PBXContainerItemProxy;
			containerPortal = 1CFBB297CD089A1499588882 /* Project object */;
			proxyType = 1;
			remoteGlobalIDString = 40E5531D4E7B32E9BBDDFF3D;
			remoteInfo = SayItRight_iOS;
		};
/* End PBXContainerItemProxy section */

/* Begin PBXFileReference section */
		02BB2E4C4988BEA73B0B9060 /* .gitkeep */ = {isa = PBXFileReference; path = .gitkeep; sourceTree = "<group>"; };
		0571FE24B4A26446F89C5096 /* .gitkeep */ = {isa = PBXFileReference; path = .gitkeep; sourceTree = "<group>"; };
		0D5A7EA09817CE62F1FE9796 /* AudioSessionManagerTests.swift */ = {isa = PBXFileReference; lastKnownFileType = sourcecode.swift; path = AudioSessionManagerTests.swift; sourceTree = "<group>"; };
		0F511DE18C0C20C43553C36D /* .gitkeep */ = {isa = PBXFileReference; path = .gitkeep; sourceTree = "<group>"; };
		10F6CAB4EBA45B17A293C4C0 /* AnthropicModel.swift */ = {isa = PBXFileReference; lastKnownFileType = sourcecode.swift; path = AnthropicModel.swift; sourceTree = "<group>"; };
		1607A6E887C79A834F460459 /* AppLanguage.swift */ = {isa = PBXFileReference; lastKnownFileType = sourcecode.swift; path = AppLanguage.swift; sourceTree = "<group>"; };
		188F1F9BBC0111EE4F4EB660 /* Topic.swift */ = {isa = PBXFileReference; lastKnownFileType = sourcecode.swift; path = Topic.swift; sourceTree = "<group>"; };
		192E20839A759A3AF4CC7D51 /* ResponseParser.swift */ = {isa = PBXFileReference; lastKnownFileType = sourcecode.swift; path = ResponseParser.swift; sourceTree = "<group>"; };
		1B08B6C7C928249161C6C0AC /* ParentSettingsView.swift */ = {isa = PBXFileReference; lastKnownFileType = sourcecode.swift; path = ParentSettingsView.swift; sourceTree = "<group>"; };
		1BEBAE680A83F0277794FDFA /* .gitkeep */ = {isa = PBXFileReference; path = .gitkeep; sourceTree = "<group>"; };
		1DD215422DC5781D0AFDAAEE /* OnboardingView.swift */ = {isa = PBXFileReference; lastKnownFileType = sourcecode.swift; path = OnboardingView.swift; sourceTree = "<group>"; };
		1FD87491EB57716C7181C506 /* SpeechRecognitionService.swift */ = {isa = PBXFileReference; lastKnownFileType = sourcecode.swift; path = SpeechRecognitionService.swift; sourceTree = "<group>"; };
		2679A39DC09E233E6C5FB8DC /* Assets.xcassets */ = {isa = PBXFileReference; lastKnownFileType = folder.assetcatalog; path = Assets.xcassets; sourceTree = "<group>"; };
		26FFAF667809AFED071F2163 /* VoiceInputViewModel.swift */ = {isa = PBXFileReference; lastKnownFileType = sourcecode.swift; path = VoiceInputViewModel.swift; sourceTree = "<group>"; };
		2910D8E206E77E72AE6E8631 /* .gitkeep */ = {isa = PBXFileReference; path = .gitkeep; sourceTree = "<group>"; };
		2927967CBDF0913F5EDD0EC7 /* ConfigProvider.swift */ = {isa = PBXFileReference; lastKnownFileType = sourcecode.swift; path = ConfigProvider.swift; sourceTree = "<group>"; };
		2D7F67899A791B97B42902B0 /* DebugLogView.swift */ = {isa = PBXFileReference; lastKnownFileType = sourcecode.swift; path = DebugLogView.swift; sourceTree = "<group>"; };
		2F8727097172513F7D8AA109 /* SayItRight.app */ = {isa = PBXFileReference; explicitFileType = wrapper.application; includeInIndex = 0; path = SayItRight.app; sourceTree = BUILT_PRODUCTS_DIR; };
		36C6BF2F47F0B8EFFC2DF98B /* BarbaraAvatarView.swift */ = {isa = PBXFileReference; lastKnownFileType = sourcecode.swift; path = BarbaraAvatarView.swift; sourceTree = "<group>"; };
		3D57221714F45B9C00201617 /* SpeechRecognitionServiceTests.swift */ = {isa = PBXFileReference; lastKnownFileType = sourcecode.swift; path = SpeechRecognitionServiceTests.swift; sourceTree = "<group>"; };
		49EB5CEF2D12A478BB1EA7AF /* LearnerProfile.swift */ = {isa = PBXFileReference; lastKnownFileType = sourcecode.swift; path = LearnerProfile.swift; sourceTree = "<group>"; };
		51E5916F947F218355F932A9 /* .gitkeep */ = {isa = PBXFileReference; path = .gitkeep; sourceTree = "<group>"; };
		5681C258DB07AF156A5662FE /* .gitkeep */ = {isa = PBXFileReference; path = .gitkeep; sourceTree = "<group>"; };
		61F66A4FE516B8A86073D9B3 /* VoiceInputView.swift */ = {isa = PBXFileReference; lastKnownFileType = sourcecode.swift; path = VoiceInputView.swift; sourceTree = "<group>"; };
		65A78B634A6D6F9D4CD57BC7 /* SystemPromptAssemblerTests.swift */ = {isa = PBXFileReference; lastKnownFileType = sourcecode.swift; path = SystemPromptAssemblerTests.swift; sourceTree = "<group>"; };
		65D79D2FA2765B439235C94A /* .gitkeep */ = {isa = PBXFileReference; path = .gitkeep; sourceTree = "<group>"; };
		6BCBA23B5D640E11325097D0 /* KeychainService.swift */ = {isa = PBXFileReference; lastKnownFileType = sourcecode.swift; path = KeychainService.swift; sourceTree = "<group>"; };
		7D0E72ADDB393F0AF5439B40 /* .gitkeep */ = {isa = PBXFileReference; path = .gitkeep; sourceTree = "<group>"; };
		81A11E691EB3DEE60B339B16 /* .gitkeep */ = {isa = PBXFileReference; path = .gitkeep; sourceTree = "<group>"; };
		81A63E61EA4ABC850E93CB2E /* AppSettings.swift */ = {isa = PBXFileReference; lastKnownFileType = sourcecode.swift; path = AppSettings.swift; sourceTree = "<group>"; };
		8309BF4EE774FABE588555F4 /* MicrophoneButton.swift */ = {isa = PBXFileReference; lastKnownFileType = sourcecode.swift; path = MicrophoneButton.swift; sourceTree = "<group>"; };
		86E2D821520E6552AE4B65B7 /* SayItRightTests.xctest */ = {isa = PBXFileReference; includeInIndex = 0; lastKnownFileType = wrapper.cfbundle; path = SayItRightTests.xctest; sourceTree = BUILT_PRODUCTS_DIR; };
		8AB92388718B19A2E45FBDC1 /* SettingsView.swift */ = {isa = PBXFileReference; lastKnownFileType = sourcecode.swift; path = SettingsView.swift; sourceTree = "<group>"; };
		8D20FDE7D46349EC7346DA67 /* .gitkeep */ = {isa = PBXFileReference; path = .gitkeep; sourceTree = "<group>"; };
		942B7D62D7DC6CDF6EE5C3AD /* BarbaraMood.swift */ = {isa = PBXFileReference; lastKnownFileType = sourcecode.swift; path = BarbaraMood.swift; sourceTree = "<group>"; };
		95D3FAF0967C63A54E2C6E51 /* .gitkeep */ = {isa = PBXFileReference; path = .gitkeep; sourceTree = "<group>"; };
		9A0B8EDE7E53601DCAC1DB42 /* PINEntryView.swift */ = {isa = PBXFileReference; lastKnownFileType = sourcecode.swift; path = PINEntryView.swift; sourceTree = "<group>"; };
		9A1C0B31006940A2DBFE5E41 /* LearnerProfileTests.swift */ = {isa = PBXFileReference; lastKnownFileType = sourcecode.swift; path = LearnerProfileTests.swift; sourceTree = "<group>"; };
		A1964D965458CCC6A3A747B0 /* TTSPlaybackServiceTests.swift */ = {isa = PBXFileReference; lastKnownFileType = sourcecode.swift; path = TTSPlaybackServiceTests.swift; sourceTree = "<group>"; };
		A553A59D04C7ABFA86CF117E /* BarbaraAvatarTests.swift */ = {isa = PBXFileReference; lastKnownFileType = sourcecode.swift; path = BarbaraAvatarTests.swift; sourceTree = "<group>"; };
		A7139C00F03FBFAD7BA4FAD8 /* .gitkeep */ = {isa = PBXFileReference; path = .gitkeep; sourceTree = "<group>"; };
		AA8D4F615BD301FC609D050A /* TreeLayoutEngineTests.swift */ = {isa = PBXFileReference; lastKnownFileType = sourcecode.swift; path = TreeLayoutEngineTests.swift; sourceTree = "<group>"; };
		B1355D670E0F227DE429EAB9 /* DebugLogger.swift */ = {isa = PBXFileReference; lastKnownFileType = sourcecode.swift; path = DebugLogger.swift; sourceTree = "<group>"; };
		B22653B114F07E9EA40C7C62 /* ParentGate.swift */ = {isa = PBXFileReference; lastKnownFileType = sourcecode.swift; path = ParentGate.swift; sourceTree = "<group>"; };
		B4AEE9C322510B2451BC0B6B /* TreeLayoutEngine.swift */ = {isa = PBXFileReference; lastKnownFileType = sourcecode.swift; path = TreeLayoutEngine.swift; sourceTree = "<group>"; };
		B90CDF403DC2024ECF9038CA /* SayItRight.app */ = {isa = PBXFileReference; includeInIndex = 0; lastKnownFileType = wrapper.application; path = SayItRight.app; sourceTree = BUILT_PRODUCTS_DIR; };
		BBA6E2AE36C0687015B8ABA6 /* .gitkeep */ = {isa = PBXFileReference; path = .gitkeep; sourceTree = "<group>"; };
		BF1E9442B04FA6E2B22959FE /* SayItRightTests.xctest */ = {isa = PBXFileReference; explicitFileType = wrapper.cfbundle; includeInIndex = 0; path = SayItRightTests.xctest; sourceTree = BUILT_PRODUCTS_DIR; };
		C28CC98EB4FCDC9137D15433 /* AnthropicService.swift */ = {isa = PBXFileReference; lastKnownFileType = sourcecode.swift; path = AnthropicService.swift; sourceTree = "<group>"; };
		C7729E7948C0195AF7F2023B /* .gitkeep */ = {isa = PBXFileReference; path = .gitkeep; sourceTree = "<group>"; };
		C8D179C236AD14B5C8076627 /* ResponseParserTests.swift */ = {isa = PBXFileReference; lastKnownFileType = sourcecode.swift; path = ResponseParserTests.swift; sourceTree = "<group>"; };
		CE528A4BB6F7C58BD0CC3708 /* LearnerAvatar.swift */ = {isa = PBXFileReference; lastKnownFileType = sourcecode.swift; path = LearnerAvatar.swift; sourceTree = "<group>"; };
		D1A734FF80156849AAC5CD69 /* MockSpeechRecognitionService.swift */ = {isa = PBXFileReference; lastKnownFileType = sourcecode.swift; path = MockSpeechRecognitionService.swift; sourceTree = "<group>"; };
		D6C50086B3A681AE4B706D0B /* .gitkeep */ = {isa = PBXFileReference; path = .gitkeep; sourceTree = "<group>"; };
		D7340051027E1031862796AD /* LearnerProfileStore.swift */ = {isa = PBXFileReference; lastKnownFileType = sourcecode.swift; path = LearnerProfileStore.swift; sourceTree = "<group>"; };
		DE9990EFFDBC213F3F1D0B19 /* SayItRightApp.swift */ = {isa = PBXFileReference; lastKnownFileType = sourcecode.swift; path = SayItRightApp.swift; sourceTree = "<group>"; };
		E040537D24996C58EBA537D8 /* Config.template.plist */ = {isa = PBXFileReference; lastKnownFileType = text.plist; path = Config.template.plist; sourceTree = "<group>"; };
		E4F296F432E8A069994E5167 /* TTSPlaybackService.swift */ = {isa = PBXFileReference; lastKnownFileType = sourcecode.swift; path = TTSPlaybackService.swift; sourceTree = "<group>"; };
		E53301B75E9027FAD04FAA44 /* .gitkeep */ = {isa = PBXFileReference; path = .gitkeep; sourceTree = "<group>"; };
		ED72B2F78895FD96D69C5698 /* AudioSessionManager.swift */ = {isa = PBXFileReference; lastKnownFileType = sourcecode.swift; path = AudioSessionManager.swift; sourceTree = "<group>"; };
		F4096FB5122C41B3F25CCFB2 /* SystemPromptAssembler.swift */ = {isa = PBXFileReference; lastKnownFileType = sourcecode.swift; path = SystemPromptAssembler.swift; sourceTree = "<group>"; };
		F75B735D96C774F30B95405C /* .gitkeep */ = {isa = PBXFileReference; path = .gitkeep; sourceTree = "<group>"; };
		F77568CC779F6818DEF9ADCC /* AnthropicServiceTests.swift */ = {isa = PBXFileReference; lastKnownFileType = sourcecode.swift; path = AnthropicServiceTests.swift; sourceTree = "<group>"; };
/* End PBXFileReference section */

/* Begin PBXGroup section */
		03BF353BBF64FC610FC51011 = {
			isa = PBXGroup;
			children = (
				C4520935D57A616A3F5700A1 /* App */,
				19A0C4A8DC752BFC15EC076C /* Content */,
				54070B6192B7153DF81595AF /* Intelligence */,
				6B1E2466DBEBA9149752A060 /* Presentation */,
				EF7379D2D22B82FC184E13DE /* SayItRight */,
				D9AB2705E698B2C8687397BE /* State */,
				9CA9825E2539A59A51BE06B7 /* Tests */,
				846E2C3E2728C9623C5C60CD /* Products */,
			);
			sourceTree = "<group>";
		};
		19A0C4A8DC752BFC15EC076C /* Content */ = {
			isa = PBXGroup;
			children = (
				B24A5F5E6674067F6C44BBC2 /* EvaluationRubrics */,
				6CC2ABFC83DABF3884313EB9 /* ExerciseLibrary */,
				642F2EA09D7FC0374BA0C644 /* PracticeTexts */,
				AFD89869387E971A84CC9922 /* ProgressionCriteria */,
			);
			path = Content;
			sourceTree = "<group>";
		};
		1A0453B4B33130F5AD6E11C2 /* PyramidBuilder */ = {
			isa = PBXGroup;
			children = (
				BBA6E2AE36C0687015B8ABA6 /* .gitkeep */,
				B4AEE9C322510B2451BC0B6B /* TreeLayoutEngine.swift */,
			);
			path = PyramidBuilder;
			sourceTree = "<group>";
		};
		20197C6EA7F841AC30E1018C /* Dashboard */ = {
			isa = PBXGroup;
			children = (
				7D0E72ADDB393F0AF5439B40 /* .gitkeep */,
			);
			path = Dashboard;
			sourceTree = "<group>";
		};
		3C1AC30B697C39AA5507C643 /* Audio */ = {
			isa = PBXGroup;
			children = (
				ED72B2F78895FD96D69C5698 /* AudioSessionManager.swift */,
			);
			path = Audio;
			sourceTree = "<group>";
		};
		54070B6192B7153DF81595AF /* Intelligence */ = {
			isa = PBXGroup;
			children = (
				79237AAAFF55F7A857FDE4B9 /* ConversationManager */,
				F76B2E7B7BE81C6DE95304D1 /* ResponseParser */,
				B5A153846A1143441AE25C99 /* StructuralEvaluator */,
				F3E9F76C5FF3FC91F43CC55A /* SystemPrompt */,
				D2527FCD5E83653DADAA35F9 /* TextGenerator */,
			);
			path = Intelligence;
			sourceTree = "<group>";
		};
		61CD158B63FA63545C909D3C /* VoiceDrill */ = {
			isa = PBXGroup;
			children = (
				D6C50086B3A681AE4B706D0B /* .gitkeep */,
				8309BF4EE774FABE588555F4 /* MicrophoneButton.swift */,
				E4F296F432E8A069994E5167 /* TTSPlaybackService.swift */,
				61F66A4FE516B8A86073D9B3 /* VoiceInputView.swift */,
				26FFAF667809AFED071F2163 /* VoiceInputViewModel.swift */,
			);
			path = VoiceDrill;
			sourceTree = "<group>";
		};
		642F2EA09D7FC0374BA0C644 /* PracticeTexts */ = {
			isa = PBXGroup;
			children = (
				E53301B75E9027FAD04FAA44 /* .gitkeep */,
			);
			path = PracticeTexts;
			sourceTree = "<group>";
		};
		6B1E2466DBEBA9149752A060 /* Presentation */ = {
			isa = PBXGroup;
			children = (
				B70C48AF668F28DA2B11F7CF /* Chat */,
				20197C6EA7F841AC30E1018C /* Dashboard */,
				1A0453B4B33130F5AD6E11C2 /* PyramidBuilder */,
				FB14DB200F4F5AACBAC12485 /* Session */,
				61CD158B63FA63545C909D3C /* VoiceDrill */,
			);
			path = Presentation;
			sourceTree = "<group>";
		};
		6CC2ABFC83DABF3884313EB9 /* ExerciseLibrary */ = {
			isa = PBXGroup;
			children = (
				C7729E7948C0195AF7F2023B /* .gitkeep */,
				188F1F9BBC0111EE4F4EB660 /* Topic.swift */,
			);
			path = ExerciseLibrary;
			sourceTree = "<group>";
		};
		6E44ACD681AF0B0656DE8BAE /* SpeechRecognition */ = {
			isa = PBXGroup;
			children = (
				D1A734FF80156849AAC5CD69 /* MockSpeechRecognitionService.swift */,
				1FD87491EB57716C7181C506 /* SpeechRecognitionService.swift */,
			);
			path = SpeechRecognition;
			sourceTree = "<group>";
		};
		79237AAAFF55F7A857FDE4B9 /* ConversationManager */ = {
			isa = PBXGroup;
			children = (
				81A11E691EB3DEE60B339B16 /* .gitkeep */,
				10F6CAB4EBA45B17A293C4C0 /* AnthropicModel.swift */,
				C28CC98EB4FCDC9137D15433 /* AnthropicService.swift */,
			);
			path = ConversationManager;
			sourceTree = "<group>";
		};
		846E2C3E2728C9623C5C60CD /* Products */ = {
			isa = PBXGroup;
			children = (
				B90CDF403DC2024ECF9038CA /* SayItRight.app */,
				2F8727097172513F7D8AA109 /* SayItRight.app */,
				86E2D821520E6552AE4B65B7 /* SayItRightTests.xctest */,
				BF1E9442B04FA6E2B22959FE /* SayItRightTests.xctest */,
			);
			name = Products;
			sourceTree = "<group>";
		};
		9CA9825E2539A59A51BE06B7 /* Tests */ = {
			isa = PBXGroup;
			children = (
				F77568CC779F6818DEF9ADCC /* AnthropicServiceTests.swift */,
				0D5A7EA09817CE62F1FE9796 /* AudioSessionManagerTests.swift */,
				A553A59D04C7ABFA86CF117E /* BarbaraAvatarTests.swift */,
				9A1C0B31006940A2DBFE5E41 /* LearnerProfileTests.swift */,
				C8D179C236AD14B5C8076627 /* ResponseParserTests.swift */,
				3D57221714F45B9C00201617 /* SpeechRecognitionServiceTests.swift */,
				65A78B634A6D6F9D4CD57BC7 /* SystemPromptAssemblerTests.swift */,
				AA8D4F615BD301FC609D050A /* TreeLayoutEngineTests.swift */,
				A1964D965458CCC6A3A747B0 /* TTSPlaybackServiceTests.swift */,
			);
			path = Tests;
			sourceTree = "<group>";
		};
		9F024FEE5C1FC0FC7F1A33FD /* LearnerProfile */ = {
			isa = PBXGroup;
			children = (
				8D20FDE7D46349EC7346DA67 /* .gitkeep */,
				49EB5CEF2D12A478BB1EA7AF /* LearnerProfile.swift */,
				D7340051027E1031862796AD /* LearnerProfileStore.swift */,
			);
			path = LearnerProfile;
			sourceTree = "<group>";
		};
		AFD89869387E971A84CC9922 /* ProgressionCriteria */ = {
			isa = PBXGroup;
			children = (
				95D3FAF0967C63A54E2C6E51 /* .gitkeep */,
			);
			path = ProgressionCriteria;
			sourceTree = "<group>";
		};
		B24A5F5E6674067F6C44BBC2 /* EvaluationRubrics */ = {
			isa = PBXGroup;
			children = (
				51E5916F947F218355F932A9 /* .gitkeep */,
			);
			path = EvaluationRubrics;
			sourceTree = "<group>";
		};
		B5A153846A1143441AE25C99 /* StructuralEvaluator */ = {
			isa = PBXGroup;
			children = (
				1BEBAE680A83F0277794FDFA /* .gitkeep */,
			);
			path = StructuralEvaluator;
			sourceTree = "<group>";
		};
		B70C48AF668F28DA2B11F7CF /* Chat */ = {
			isa = PBXGroup;
			children = (
				0F511DE18C0C20C43553C36D /* .gitkeep */,
				36C6BF2F47F0B8EFFC2DF98B /* BarbaraAvatarView.swift */,
				942B7D62D7DC6CDF6EE5C3AD /* BarbaraMood.swift */,
				CE528A4BB6F7C58BD0CC3708 /* LearnerAvatar.swift */,
			);
			path = Chat;
			sourceTree = "<group>";
		};
		C4520935D57A616A3F5700A1 /* App */ = {
			isa = PBXGroup;
			children = (
				5681C258DB07AF156A5662FE /* .gitkeep */,
				2679A39DC09E233E6C5FB8DC /* Assets.xcassets */,
				E040537D24996C58EBA537D8 /* Config.template.plist */,
				2927967CBDF0913F5EDD0EC7 /* ConfigProvider.swift */,
				DE9990EFFDBC213F3F1D0B19 /* SayItRightApp.swift */,
				3C1AC30B697C39AA5507C643 /* Audio */,
				6E44ACD681AF0B0656DE8BAE /* SpeechRecognition */,
			);
			path = App;
			sourceTree = "<group>";
		};
		CCB1F3C07221EEF596F3CAA3 /* SessionHistory */ = {
			isa = PBXGroup;
			children = (
				65D79D2FA2765B439235C94A /* .gitkeep */,
			);
			path = SessionHistory;
			sourceTree = "<group>";
		};
		D2527FCD5E83653DADAA35F9 /* TextGenerator */ = {
			isa = PBXGroup;
			children = (
				A7139C00F03FBFAD7BA4FAD8 /* .gitkeep */,
			);
			path = TextGenerator;
			sourceTree = "<group>";
		};
		D4D406F92E5DA5FCF8C8AE28 /* Settings */ = {
			isa = PBXGroup;
			children = (
				0571FE24B4A26446F89C5096 /* .gitkeep */,
				1607A6E887C79A834F460459 /* AppLanguage.swift */,
				81A63E61EA4ABC850E93CB2E /* AppSettings.swift */,
				B1355D670E0F227DE429EAB9 /* DebugLogger.swift */,
				6BCBA23B5D640E11325097D0 /* KeychainService.swift */,
				B22653B114F07E9EA40C7C62 /* ParentGate.swift */,
			);
			path = Settings;
			sourceTree = "<group>";
		};
		D9AB2705E698B2C8687397BE /* State */ = {
			isa = PBXGroup;
			children = (
				9F024FEE5C1FC0FC7F1A33FD /* LearnerProfile */,
				CCB1F3C07221EEF596F3CAA3 /* SessionHistory */,
				D4D406F92E5DA5FCF8C8AE28 /* Settings */,
			);
			path = State;
			sourceTree = "<group>";
		};
		EF7379D2D22B82FC184E13DE /* SayItRight */ = {
			isa = PBXGroup;
			children = (
				C4520935D57A616A3F5700A1 /* App */,
				19A0C4A8DC752BFC15EC076C /* Content */,
				54070B6192B7153DF81595AF /* Intelligence */,
				6B1E2466DBEBA9149752A060 /* Presentation */,
				D9AB2705E698B2C8687397BE /* State */,
			);
			name = SayItRight;
			path = .;
			sourceTree = "<group>";
		};
		F3E9F76C5FF3FC91F43CC55A /* SystemPrompt */ = {
			isa = PBXGroup;
			children = (
				02BB2E4C4988BEA73B0B9060 /* .gitkeep */,
				F4096FB5122C41B3F25CCFB2 /* SystemPromptAssembler.swift */,
			);
			path = SystemPrompt;
			sourceTree = "<group>";
		};
		F76B2E7B7BE81C6DE95304D1 /* ResponseParser */ = {
			isa = PBXGroup;
			children = (
				F75B735D96C774F30B95405C /* .gitkeep */,
				192E20839A759A3AF4CC7D51 /* ResponseParser.swift */,
			);
			path = ResponseParser;
			sourceTree = "<group>";
		};
		FB14DB200F4F5AACBAC12485 /* Session */ = {
			isa = PBXGroup;
			children = (
				2910D8E206E77E72AE6E8631 /* .gitkeep */,
				2D7F67899A791B97B42902B0 /* DebugLogView.swift */,
				1DD215422DC5781D0AFDAAEE /* OnboardingView.swift */,
				1B08B6C7C928249161C6C0AC /* ParentSettingsView.swift */,
				9A0B8EDE7E53601DCAC1DB42 /* PINEntryView.swift */,
				8AB92388718B19A2E45FBDC1 /* SettingsView.swift */,
			);
			path = Session;
			sourceTree = "<group>";
		};
/* End PBXGroup section */

/* Begin PBXNativeTarget section */
		1C066D4991E6E6942ADF84A9 /* SayItRightTests_iOS */ = {
			isa = PBXNativeTarget;
			buildConfigurationList = 59FBE44EFDD1609BBB342502 /* Build configuration list for PBXNativeTarget "SayItRightTests_iOS" */;
			buildPhases = (
				342D620F5315B9DFC1B892AA /* Sources */,
			);
			buildRules = (
			);
			dependencies = (
				C7A8BB506BEF85B2F70A3F4C /* PBXTargetDependency */,
			);
			name = SayItRightTests_iOS;
			packageProductDependencies = (
			);
			productName = SayItRightTests_iOS;
			productReference = 86E2D821520E6552AE4B65B7 /* SayItRightTests.xctest */;
			productType = "com.apple.product-type.bundle.unit-test";
		};
		40E5531D4E7B32E9BBDDFF3D /* SayItRight_iOS */ = {
			isa = PBXNativeTarget;
			buildConfigurationList = 20D4E84FC50293A4D0CB8F0D /* Build configuration list for PBXNativeTarget "SayItRight_iOS" */;
			buildPhases = (
				7FB4A7C966643AE1F32FFC7A /* Sources */,
				FE60C19B1E326670EB3452DD /* Resources */,
			);
			buildRules = (
			);
			dependencies = (
			);
			name = SayItRight_iOS;
			packageProductDependencies = (
			);
			productName = SayItRight_iOS;
			productReference = B90CDF403DC2024ECF9038CA /* SayItRight.app */;
			productType = "com.apple.product-type.application";
		};
		C1B7E7143015CF3AEB4A1F75 /* SayItRightTests_macOS */ = {
			isa = PBXNativeTarget;
			buildConfigurationList = 9A7F1925D8769B2AAF8543A7 /* Build configuration list for PBXNativeTarget "SayItRightTests_macOS" */;
			buildPhases = (
				023DF559633B0B58BF51F81B /* Sources */,
			);
			buildRules = (
			);
			dependencies = (
				AD92D5BA64C433E3FAF051CE /* PBXTargetDependency */,
			);
			name = SayItRightTests_macOS;
			packageProductDependencies = (
			);
			productName = SayItRightTests_macOS;
			productReference = BF1E9442B04FA6E2B22959FE /* SayItRightTests.xctest */;
			productType = "com.apple.product-type.bundle.unit-test";
		};
		FF3CD3685B4FB00CC420BEE0 /* SayItRight_macOS */ = {
			isa = PBXNativeTarget;
			buildConfigurationList = 75C51AF2730074CF2E9D90B9 /* Build configuration list for PBXNativeTarget "SayItRight_macOS" */;
			buildPhases = (
				38FC17CA0F22895922F88DC3 /* Sources */,
				0AC2989B10B0704A65212190 /* Resources */,
			);
			buildRules = (
			);
			dependencies = (
			);
			name = SayItRight_macOS;
			packageProductDependencies = (
			);
			productName = SayItRight_macOS;
			productReference = 2F8727097172513F7D8AA109 /* SayItRight.app */;
			productType = "com.apple.product-type.application";
		};
/* End PBXNativeTarget section */

/* Begin PBXProject section */
		1CFBB297CD089A1499588882 /* Project object */ = {
			isa = PBXProject;
			attributes = {
				BuildIndependentTargetsInParallel = YES;
				LastUpgradeCheck = 1600;
				TargetAttributes = {
					40E5531D4E7B32E9BBDDFF3D = {
						DevelopmentTeam = LC9HD3YWNR;
						ProvisioningStyle = Automatic;
					};
					FF3CD3685B4FB00CC420BEE0 = {
						DevelopmentTeam = LC9HD3YWNR;
						ProvisioningStyle = Automatic;
					};
				};
			};
			buildConfigurationList = CBAB4CC6FFC0597514961D53 /* Build configuration list for PBXProject "SayItRight" */;
			compatibilityVersion = "Xcode 14.0";
			developmentRegion = en;
			hasScannedForEncodings = 0;
			knownRegions = (
				Base,
				en,
			);
			mainGroup = 03BF353BBF64FC610FC51011;
			minimizedProjectReferenceProxies = 1;
			preferredProjectObjectVersion = 77;
			projectDirPath = "";
			projectRoot = "";
			targets = (
				1C066D4991E6E6942ADF84A9 /* SayItRightTests_iOS */,
				C1B7E7143015CF3AEB4A1F75 /* SayItRightTests_macOS */,
				40E5531D4E7B32E9BBDDFF3D /* SayItRight_iOS */,
				FF3CD3685B4FB00CC420BEE0 /* SayItRight_macOS */,
			);
		};
/* End PBXProject section */

/* Begin PBXResourcesBuildPhase section */
		0AC2989B10B0704A65212190 /* Resources */ = {
			isa = PBXResourcesBuildPhase;
			buildActionMask = 2147483647;
			files = (
				F68A7E82CAC1C17DF3417D14 /* Assets.xcassets in Resources */,
				1F4DE59430E6D724194CD0C6 /* Config.template.plist in Resources */,
			);
			runOnlyForDeploymentPostprocessing = 0;
		};
		FE60C19B1E326670EB3452DD /* Resources */ = {
			isa = PBXResourcesBuildPhase;
			buildActionMask = 2147483647;
			files = (
				487820CDB3AB1F86C7D41CD1 /* Assets.xcassets in Resources */,
				0346190953B25D320839884F /* Config.template.plist in Resources */,
			);
			runOnlyForDeploymentPostprocessing = 0;
		};
/* End PBXResourcesBuildPhase section */

/* Begin PBXSourcesBuildPhase section */
		023DF559633B0B58BF51F81B /* Sources */ = {
			isa = PBXSourcesBuildPhase;
			buildActionMask = 2147483647;
			files = (
				00D8301F3E74117DF9AA973B /* AnthropicServiceTests.swift in Sources */,
				58C18276239608ABD6F07EBB /* AudioSessionManagerTests.swift in Sources */,
				232A2240F8CDCBF5093977DA /* BarbaraAvatarTests.swift in Sources */,
				CB5CCD79737A6748BDABC401 /* LearnerProfileTests.swift in Sources */,
				812AC213EB49FEC705555E09 /* ResponseParserTests.swift in Sources */,
				33D97DD448F0E5566052D4BC /* SpeechRecognitionServiceTests.swift in Sources */,
				BF7E68D87F7FE0DDCF4867D1 /* SystemPromptAssemblerTests.swift in Sources */,
				9C6C847EC9BCCD14AE067A8A /* TTSPlaybackServiceTests.swift in Sources */,
				112C860A4101D395FAA0F637 /* TreeLayoutEngineTests.swift in Sources */,
			);
			runOnlyForDeploymentPostprocessing = 0;
		};
		342D620F5315B9DFC1B892AA /* Sources */ = {
			isa = PBXSourcesBuildPhase;
			buildActionMask = 2147483647;
			files = (
				908ED70F336A90E3DBF4E198 /* AnthropicServiceTests.swift in Sources */,
				60E3DD654D41C484DFD3281E /* AudioSessionManagerTests.swift in Sources */,
				DE38095862958923B2416C42 /* BarbaraAvatarTests.swift in Sources */,
				F1F057BADCA87A05AF322BC6 /* LearnerProfileTests.swift in Sources */,
				E2E771E2E6E4B969403D183A /* ResponseParserTests.swift in Sources */,
				EE7B786DFC8E07B8C334D925 /* SpeechRecognitionServiceTests.swift in Sources */,
				33274CD62BE5B41D80760AC0 /* SystemPromptAssemblerTests.swift in Sources */,
				D66A3776BF922A53B0E059B8 /* TTSPlaybackServiceTests.swift in Sources */,
				15C2944B9C7F642A1F1CE5E0 /* TreeLayoutEngineTests.swift in Sources */,
			);
			runOnlyForDeploymentPostprocessing = 0;
		};
		38FC17CA0F22895922F88DC3 /* Sources */ = {
			isa = PBXSourcesBuildPhase;
			buildActionMask = 2147483647;
			files = (
				A9BA44DA0F1F2B687C7EB602 /* AnthropicModel.swift in Sources */,
				2C1D8AB58512AA4B4605815E /* AnthropicService.swift in Sources */,
				DDD2F11F3AD9916F6E39F996 /* AppLanguage.swift in Sources */,
				694D7A17D77BC80EF7C0DFE6 /* AppSettings.swift in Sources */,
				537119E6E50C56A7FBE6CF59 /* AudioSessionManager.swift in Sources */,
				868CC677F0EF47C03E66115E /* BarbaraAvatarView.swift in Sources */,
				C15605E88266D05B8736AB18 /* BarbaraMood.swift in Sources */,
				B9A55A00D5E93D6AC049A85C /* ConfigProvider.swift in Sources */,
				F3EA6C9E62178099319F591E /* DebugLogView.swift in Sources */,
				487E6CBCA4808690CB6B31C4 /* DebugLogger.swift in Sources */,
				109845A5BD28BDC5307C4A51 /* KeychainService.swift in Sources */,
				A9B7342D214CE45653F5BAB3 /* LearnerAvatar.swift in Sources */,
				7A274863874522A22D93C22B /* LearnerProfile.swift in Sources */,
				5673D8240DB6073E30B4EAF5 /* LearnerProfileStore.swift in Sources */,
				940C00B95F727301E44CC7BC /* MicrophoneButton.swift in Sources */,
				F5A28442A564B05F3EB1CFE0 /* MockSpeechRecognitionService.swift in Sources */,
				2B14BDEB8225AE1C3D457F15 /* OnboardingView.swift in Sources */,
				9E229F94708A12673A30600F /* PINEntryView.swift in Sources */,
				EC2B4036D1202B37FDCFF1B7 /* ParentGate.swift in Sources */,
				E071B3F83FAD19AECA65C8A1 /* ParentSettingsView.swift in Sources */,
				033B5DE1A4166D33D74334B9 /* ResponseParser.swift in Sources */,
				3A691C0923E2348327202674 /* SayItRightApp.swift in Sources */,
				B69E88F9600BA196BDC08FCB /* SettingsView.swift in Sources */,
				09099979FE939EB2AF863CF9 /* SpeechRecognitionService.swift in Sources */,
				BFEC1C8AE1C77FC5D94AB5B6 /* SystemPromptAssembler.swift in Sources */,
				0EB7A9CA948A196FA81EBD88 /* TTSPlaybackService.swift in Sources */,
				465D99D2F607EE3A29C71228 /* Topic.swift in Sources */,
				64A04AB12BD9FD132B0D9F8A /* TreeLayoutEngine.swift in Sources */,
				00659B8342F2BACC70A60BFB /* VoiceInputView.swift in Sources */,
				DE1CC7ECEADF4111754C15B0 /* VoiceInputViewModel.swift in Sources */,
			);
			runOnlyForDeploymentPostprocessing = 0;
		};
		7FB4A7C966643AE1F32FFC7A /* Sources */ = {
			isa = PBXSourcesBuildPhase;
			buildActionMask = 2147483647;
			files = (
				2B62856D49AD9FB989384F80 /* AnthropicModel.swift in Sources */,
				0A34DEDADFDCDA5E7ADE5A1C /* AnthropicService.swift in Sources */,
				08B73D82C6BB007D6B4AFE15 /* AppLanguage.swift in Sources */,
				026C148F047C0BFD727A7A17 /* AppSettings.swift in Sources */,
				6F351D5B9B24A9F12D68E3BC /* AudioSessionManager.swift in Sources */,
				E964ABEE2D1CD7095C2F2CFE /* BarbaraAvatarView.swift in Sources */,
				7043BFA9D8C90767E45A2FD5 /* BarbaraMood.swift in Sources */,
				1DA60359B8EB91B16DB3188F /* ConfigProvider.swift in Sources */,
				3C009DF5A5015AB1595F05B2 /* DebugLogView.swift in Sources */,
				BC5F147A088AEBDA38856EEE /* DebugLogger.swift in Sources */,
				4754932F6E5805C72ADB45E2 /* KeychainService.swift in Sources */,
				8D0594B48254C2F95AB7F9F3 /* LearnerAvatar.swift in Sources */,
				E82E1F599E93664105775B47 /* LearnerProfile.swift in Sources */,
				64E2CA4EDF1673C44CE2300E /* LearnerProfileStore.swift in Sources */,
				8253B0ABF87DA1DEF424AB4E /* MicrophoneButton.swift in Sources */,
				D43F8B89B23167F2FA4EE2A2 /* MockSpeechRecognitionService.swift in Sources */,
				1CDA6E9592B48813ECDFA8D7 /* OnboardingView.swift in Sources */,
				9E94F43764B254F793A66465 /* PINEntryView.swift in Sources */,
				B007E9CAE8E63D427DBBFF69 /* ParentGate.swift in Sources */,
				1307449DE0CB3798F0EA6C91 /* ParentSettingsView.swift in Sources */,
				5F51449B08403989803DD749 /* ResponseParser.swift in Sources */,
				75AE4B49A8AA6C07DFCFE084 /* SayItRightApp.swift in Sources */,
				69648C78907876EC6BDB6892 /* SettingsView.swift in Sources */,
				DE4B413678C1C56B351AAF07 /* SpeechRecognitionService.swift in Sources */,
				3663C29466AF276F1C5289C7 /* SystemPromptAssembler.swift in Sources */,
				8E8D202555A73B2756F2EBB0 /* TTSPlaybackService.swift in Sources */,
				E1C178382A2262BB8A5C7E72 /* Topic.swift in Sources */,
				4DBA3C9AB5E598841BC408FA /* TreeLayoutEngine.swift in Sources */,
				7B05C7916E626A00EABE4E1E /* VoiceInputView.swift in Sources */,
				81160A48F23B0693F8B6BE38 /* VoiceInputViewModel.swift in Sources */,
			);
			runOnlyForDeploymentPostprocessing = 0;
		};
/* End PBXSourcesBuildPhase section */

/* Begin PBXTargetDependency section */
		AD92D5BA64C433E3FAF051CE /* PBXTargetDependency */ = {
			isa = PBXTargetDependency;
			target = FF3CD3685B4FB00CC420BEE0 /* SayItRight_macOS */;
			targetProxy = D76C50E01037BCEFCDD7EB7E /* PBXContainerItemProxy */;
		};
		C7A8BB506BEF85B2F70A3F4C /* PBXTargetDependency */ = {
			isa = PBXTargetDependency;
			target = 40E5531D4E7B32E9BBDDFF3D /* SayItRight_iOS */;
			targetProxy = FE6048537BC49CDCDF1C82CC /* PBXContainerItemProxy */;
		};
/* End PBXTargetDependency section */

/* Begin XCBuildConfiguration section */
		036F7642842D2CBC6FF43CEF /* Debug */ = {
			isa = XCBuildConfiguration;
			buildSettings = {
				BUNDLE_LOADER = "$(TEST_HOST)";
				GENERATE_INFOPLIST_FILE = YES;
				LD_RUNPATH_SEARCH_PATHS = (
					"$(inherited)",
					"@executable_path/Frameworks",
					"@loader_path/Frameworks",
				);
				PRODUCT_BUNDLE_IDENTIFIER = "io.mattern.say-it-right.SayItRightTests-iOS";
				PRODUCT_NAME = SayItRightTests;
				SDKROOT = iphoneos;
				SWIFT_VERSION = 6.0;
				TARGETED_DEVICE_FAMILY = "1,2";
				TEST_HOST = "$(BUILT_PRODUCTS_DIR)/SayItRight.app/SayItRight";
			};
			name = Debug;
		};
		234CA4EEE94E43694F4F2E90 /* Release */ = {
			isa = XCBuildConfiguration;
			buildSettings = {
				BUNDLE_LOADER = "$(TEST_HOST)";
				GENERATE_INFOPLIST_FILE = YES;
				LD_RUNPATH_SEARCH_PATHS = (
					"$(inherited)",
					"@executable_path/Frameworks",
					"@loader_path/Frameworks",
				);
				PRODUCT_BUNDLE_IDENTIFIER = "io.mattern.say-it-right.SayItRightTests-iOS";
				PRODUCT_NAME = SayItRightTests;
				SDKROOT = iphoneos;
				SWIFT_VERSION = 6.0;
				TARGETED_DEVICE_FAMILY = "1,2";
				TEST_HOST = "$(BUILT_PRODUCTS_DIR)/SayItRight.app/SayItRight";
			};
			name = Release;
		};
		698CC210F98B7E80FB0C8464 /* Debug */ = {
			isa = XCBuildConfiguration;
			buildSettings = {
				ALWAYS_SEARCH_USER_PATHS = NO;
				CLANG_ANALYZER_NONNULL = YES;
				CLANG_ANALYZER_NUMBER_OBJECT_CONVERSION = YES_AGGRESSIVE;
				CLANG_CXX_LANGUAGE_STANDARD = "gnu++14";
				CLANG_CXX_LIBRARY = "libc++";
				CLANG_ENABLE_MODULES = YES;
				CLANG_ENABLE_OBJC_ARC = YES;
				CLANG_ENABLE_OBJC_WEAK = YES;
				CLANG_WARN_BLOCK_CAPTURE_AUTORELEASING = YES;
				CLANG_WARN_BOOL_CONVERSION = YES;
				CLANG_WARN_COMMA = YES;
				CLANG_WARN_CONSTANT_CONVERSION = YES;
				CLANG_WARN_DEPRECATED_OBJC_IMPLEMENTATIONS = YES;
				CLANG_WARN_DIRECT_OBJC_ISA_USAGE = YES_ERROR;
				CLANG_WARN_DOCUMENTATION_COMMENTS = YES;
				CLANG_WARN_EMPTY_BODY = YES;
				CLANG_WARN_ENUM_CONVERSION = YES;
				CLANG_WARN_INFINITE_RECURSION = YES;
				CLANG_WARN_INT_CONVERSION = YES;
				CLANG_WARN_NON_LITERAL_NULL_CONVERSION = YES;
				CLANG_WARN_OBJC_IMPLICIT_RETAIN_SELF = YES;
				CLANG_WARN_OBJC_LITERAL_CONVERSION = YES;
				CLANG_WARN_OBJC_ROOT_CLASS = YES_ERROR;
				CLANG_WARN_QUOTED_INCLUDE_IN_FRAMEWORK_HEADER = YES;
				CLANG_WARN_RANGE_LOOP_ANALYSIS = YES;
				CLANG_WARN_STRICT_PROTOTYPES = YES;
				CLANG_WARN_SUSPICIOUS_MOVE = YES;
				CLANG_WARN_UNGUARDED_AVAILABILITY = YES_AGGRESSIVE;
				CLANG_WARN_UNREACHABLE_CODE = YES;
				CLANG_WARN__DUPLICATE_METHOD_MATCH = YES;
				COPY_PHASE_STRIP = NO;
				DEBUG_INFORMATION_FORMAT = dwarf;
				ENABLE_STRICT_OBJC_MSGSEND = YES;
				ENABLE_TESTABILITY = YES;
				GCC_C_LANGUAGE_STANDARD = gnu11;
				GCC_DYNAMIC_NO_PIC = NO;
				GCC_NO_COMMON_BLOCKS = YES;
				GCC_OPTIMIZATION_LEVEL = 0;
				GCC_PREPROCESSOR_DEFINITIONS = (
					"$(inherited)",
					"DEBUG=1",
				);
				GCC_WARN_64_TO_32_BIT_CONVERSION = YES;
				GCC_WARN_ABOUT_RETURN_TYPE = YES_ERROR;
				GCC_WARN_UNDECLARED_SELECTOR = YES;
				GCC_WARN_UNINITIALIZED_AUTOS = YES_AGGRESSIVE;
				GCC_WARN_UNUSED_FUNCTION = YES;
				GCC_WARN_UNUSED_VARIABLE = YES;
				IPHONEOS_DEPLOYMENT_TARGET = 17.0;
				MACOSX_DEPLOYMENT_TARGET = 14.0;
				MTL_ENABLE_DEBUG_INFO = INCLUDE_SOURCE;
				MTL_FAST_MATH = YES;
				ONLY_ACTIVE_ARCH = YES;
				PRODUCT_NAME = "$(TARGET_NAME)";
				SWIFT_ACTIVE_COMPILATION_CONDITIONS = DEBUG;
				SWIFT_OPTIMIZATION_LEVEL = "-Onone";
				SWIFT_VERSION = 5.0;
			};
			name = Debug;
		};
		8016E9E395BBBCBADF150B6A /* Release */ = {
			isa = XCBuildConfiguration;
			buildSettings = {
				ALWAYS_SEARCH_USER_PATHS = NO;
				CLANG_ANALYZER_NONNULL = YES;
				CLANG_ANALYZER_NUMBER_OBJECT_CONVERSION = YES_AGGRESSIVE;
				CLANG_CXX_LANGUAGE_STANDARD = "gnu++14";
				CLANG_CXX_LIBRARY = "libc++";
				CLANG_ENABLE_MODULES = YES;
				CLANG_ENABLE_OBJC_ARC = YES;
				CLANG_ENABLE_OBJC_WEAK = YES;
				CLANG_WARN_BLOCK_CAPTURE_AUTORELEASING = YES;
				CLANG_WARN_BOOL_CONVERSION = YES;
				CLANG_WARN_COMMA = YES;
				CLANG_WARN_CONSTANT_CONVERSION = YES;
				CLANG_WARN_DEPRECATED_OBJC_IMPLEMENTATIONS = YES;
				CLANG_WARN_DIRECT_OBJC_ISA_USAGE = YES_ERROR;
				CLANG_WARN_DOCUMENTATION_COMMENTS = YES;
				CLANG_WARN_EMPTY_BODY = YES;
				CLANG_WARN_ENUM_CONVERSION = YES;
				CLANG_WARN_INFINITE_RECURSION = YES;
				CLANG_WARN_INT_CONVERSION = YES;
				CLANG_WARN_NON_LITERAL_NULL_CONVERSION = YES;
				CLANG_WARN_OBJC_IMPLICIT_RETAIN_SELF = YES;
				CLANG_WARN_OBJC_LITERAL_CONVERSION = YES;
				CLANG_WARN_OBJC_ROOT_CLASS = YES_ERROR;
				CLANG_WARN_QUOTED_INCLUDE_IN_FRAMEWORK_HEADER = YES;
				CLANG_WARN_RANGE_LOOP_ANALYSIS = YES;
				CLANG_WARN_STRICT_PROTOTYPES = YES;
				CLANG_WARN_SUSPICIOUS_MOVE = YES;
				CLANG_WARN_UNGUARDED_AVAILABILITY = YES_AGGRESSIVE;
				CLANG_WARN_UNREACHABLE_CODE = YES;
				CLANG_WARN__DUPLICATE_METHOD_MATCH = YES;
				COPY_PHASE_STRIP = NO;
				DEBUG_INFORMATION_FORMAT = "dwarf-with-dsym";
				ENABLE_NS_ASSERTIONS = NO;
				ENABLE_STRICT_OBJC_MSGSEND = YES;
				GCC_C_LANGUAGE_STANDARD = gnu11;
				GCC_NO_COMMON_BLOCKS = YES;
				GCC_WARN_64_TO_32_BIT_CONVERSION = YES;
				GCC_WARN_ABOUT_RETURN_TYPE = YES_ERROR;
				GCC_WARN_UNDECLARED_SELECTOR = YES;
				GCC_WARN_UNINITIALIZED_AUTOS = YES_AGGRESSIVE;
				GCC_WARN_UNUSED_FUNCTION = YES;
				GCC_WARN_UNUSED_VARIABLE = YES;
				IPHONEOS_DEPLOYMENT_TARGET = 17.0;
				MACOSX_DEPLOYMENT_TARGET = 14.0;
				MTL_ENABLE_DEBUG_INFO = NO;
				MTL_FAST_MATH = YES;
				PRODUCT_NAME = "$(TARGET_NAME)";
				SWIFT_COMPILATION_MODE = wholemodule;
				SWIFT_OPTIMIZATION_LEVEL = "-O";
				SWIFT_VERSION = 5.0;
			};
			name = Release;
		};
		8A13D4FB6B83D3F396412275 /* Release */ = {
			isa = XCBuildConfiguration;
			buildSettings = {
				ASSETCATALOG_COMPILER_APPICON_NAME = AppIcon;
				CODE_SIGN_STYLE = Automatic;
				COMBINE_HIDPI_IMAGES = YES;
				CURRENT_PROJECT_VERSION = 1;
				DEVELOPMENT_TEAM = LC9HD3YWNR;
				ENABLE_PREVIEWS = YES;
				GENERATE_INFOPLIST_FILE = YES;
				INFOPLIST_KEY_CFBundleDisplayName = "Say it right!";
				INFOPLIST_KEY_ITSAppUsesNonExemptEncryption = NO;
				INFOPLIST_KEY_NSFaceIDUsageDescription = "Access parent settings";
				INFOPLIST_KEY_NSMicrophoneUsageDescription = "Record your voice for speaking exercises";
				INFOPLIST_KEY_NSSpeechRecognitionUsageDescription = "Voice input for speaking exercises";
				INFOPLIST_KEY_UIApplicationSceneManifest_Generation = YES;
				INFOPLIST_KEY_UIApplicationSupportsIndirectInputEvents = YES;
				INFOPLIST_KEY_UILaunchScreen_Generation = YES;
				INFOPLIST_KEY_UISupportedInterfaceOrientations_iPad = "UIInterfaceOrientationPortrait UIInterfaceOrientationPortraitUpsideDown UIInterfaceOrientationLandscapeLeft UIInterfaceOrientationLandscapeRight";
				INFOPLIST_KEY_UISupportedInterfaceOrientations_iPhone = "UIInterfaceOrientationPortrait UIInterfaceOrientationLandscapeLeft UIInterfaceOrientationLandscapeRight";
				LD_RUNPATH_SEARCH_PATHS = (
					"$(inherited)",
					"@executable_path/../Frameworks",
				);
				MARKETING_VERSION = 0.1.0;
				PRODUCT_BUNDLE_IDENTIFIER = "io.mattern.say-it-right";
				PRODUCT_NAME = SayItRight;
				SDKROOT = macosx;
				SUPPORTS_MACCATALYST = NO;
				SWIFT_VERSION = 6.0;
			};
			name = Release;
		};
		A4DE9295BB3E776668B48B58 /* Release */ = {
			isa = XCBuildConfiguration;
			buildSettings = {
				BUNDLE_LOADER = "$(TEST_HOST)";
				COMBINE_HIDPI_IMAGES = YES;
				GENERATE_INFOPLIST_FILE = YES;
				LD_RUNPATH_SEARCH_PATHS = (
					"$(inherited)",
					"@executable_path/../Frameworks",
					"@loader_path/../Frameworks",
				);
				PRODUCT_BUNDLE_IDENTIFIER = "io.mattern.say-it-right.SayItRightTests-macOS";
				PRODUCT_NAME = SayItRightTests;
				SDKROOT = macosx;
				SWIFT_VERSION = 6.0;
				TEST_HOST = "$(BUILT_PRODUCTS_DIR)/SayItRight.app/Contents/MacOS/SayItRight";
			};
			name = Release;
		};
		AA8802A61AC01C05350E8ECA /* Debug */ = {
			isa = XCBuildConfiguration;
			buildSettings = {
				ASSETCATALOG_COMPILER_APPICON_NAME = AppIcon;
				CODE_SIGN_IDENTITY = "iPhone Developer";
				CODE_SIGN_STYLE = Automatic;
				CURRENT_PROJECT_VERSION = 1;
				DEVELOPMENT_TEAM = LC9HD3YWNR;
				ENABLE_PREVIEWS = YES;
				GENERATE_INFOPLIST_FILE = YES;
				INFOPLIST_KEY_CFBundleDisplayName = "Say it right!";
				INFOPLIST_KEY_ITSAppUsesNonExemptEncryption = NO;
				INFOPLIST_KEY_NSFaceIDUsageDescription = "Access parent settings";
				INFOPLIST_KEY_NSMicrophoneUsageDescription = "Record your voice for speaking exercises";
				INFOPLIST_KEY_NSSpeechRecognitionUsageDescription = "Voice input for speaking exercises";
				INFOPLIST_KEY_UIApplicationSceneManifest_Generation = YES;
				INFOPLIST_KEY_UIApplicationSupportsIndirectInputEvents = YES;
				INFOPLIST_KEY_UILaunchScreen_Generation = YES;
				INFOPLIST_KEY_UISupportedInterfaceOrientations_iPad = "UIInterfaceOrientationPortrait UIInterfaceOrientationPortraitUpsideDown UIInterfaceOrientationLandscapeLeft UIInterfaceOrientationLandscapeRight";
				INFOPLIST_KEY_UISupportedInterfaceOrientations_iPhone = "UIInterfaceOrientationPortrait UIInterfaceOrientationLandscapeLeft UIInterfaceOrientationLandscapeRight";
				LD_RUNPATH_SEARCH_PATHS = (
					"$(inherited)",
					"@executable_path/Frameworks",
				);
				MARKETING_VERSION = 0.1.0;
				PRODUCT_BUNDLE_IDENTIFIER = "io.mattern.say-it-right";
				PRODUCT_NAME = SayItRight;
				SDKROOT = iphoneos;
				SUPPORTS_MACCATALYST = NO;
				SWIFT_VERSION = 6.0;
				TARGETED_DEVICE_FAMILY = "1,2";
			};
			name = Debug;
		};
		B2AD3DF17A7F77B49816B03C /* Debug */ = {
			isa = XCBuildConfiguration;
			buildSettings = {
				ASSETCATALOG_COMPILER_APPICON_NAME = AppIcon;
				CODE_SIGN_STYLE = Automatic;
				COMBINE_HIDPI_IMAGES = YES;
				CURRENT_PROJECT_VERSION = 1;
				DEVELOPMENT_TEAM = LC9HD3YWNR;
				ENABLE_PREVIEWS = YES;
				GENERATE_INFOPLIST_FILE = YES;
				INFOPLIST_KEY_CFBundleDisplayName = "Say it right!";
				INFOPLIST_KEY_ITSAppUsesNonExemptEncryption = NO;
				INFOPLIST_KEY_NSFaceIDUsageDescription = "Access parent settings";
				INFOPLIST_KEY_NSMicrophoneUsageDescription = "Record your voice for speaking exercises";
				INFOPLIST_KEY_NSSpeechRecognitionUsageDescription = "Voice input for speaking exercises";
				INFOPLIST_KEY_UIApplicationSceneManifest_Generation = YES;
				INFOPLIST_KEY_UIApplicationSupportsIndirectInputEvents = YES;
				INFOPLIST_KEY_UILaunchScreen_Generation = YES;
				INFOPLIST_KEY_UISupportedInterfaceOrientations_iPad = "UIInterfaceOrientationPortrait UIInterfaceOrientationPortraitUpsideDown UIInterfaceOrientationLandscapeLeft UIInterfaceOrientationLandscapeRight";
				INFOPLIST_KEY_UISupportedInterfaceOrientations_iPhone = "UIInterfaceOrientationPortrait UIInterfaceOrientationLandscapeLeft UIInterfaceOrientationLandscapeRight";
				LD_RUNPATH_SEARCH_PATHS = (
					"$(inherited)",
					"@executable_path/../Frameworks",
				);
				MARKETING_VERSION = 0.1.0;
				PRODUCT_BUNDLE_IDENTIFIER = "io.mattern.say-it-right";
				PRODUCT_NAME = SayItRight;
				SDKROOT = macosx;
				SUPPORTS_MACCATALYST = NO;
				SWIFT_VERSION = 6.0;
			};
			name = Debug;
		};
		BC349F47AB07E550BFEC1645 /* Debug */ = {
			isa = XCBuildConfiguration;
			buildSettings = {
				BUNDLE_LOADER = "$(TEST_HOST)";
				COMBINE_HIDPI_IMAGES = YES;
				GENERATE_INFOPLIST_FILE = YES;
				LD_RUNPATH_SEARCH_PATHS = (
					"$(inherited)",
					"@executable_path/../Frameworks",
					"@loader_path/../Frameworks",
				);
				PRODUCT_BUNDLE_IDENTIFIER = "io.mattern.say-it-right.SayItRightTests-macOS";
				PRODUCT_NAME = SayItRightTests;
				SDKROOT = macosx;
				SWIFT_VERSION = 6.0;
				TEST_HOST = "$(BUILT_PRODUCTS_DIR)/SayItRight.app/Contents/MacOS/SayItRight";
			};
			name = Debug;
		};
		F5C2FA144F9B5E1C22A05231 /* Release */ = {
			isa = XCBuildConfiguration;
			buildSettings = {
				ASSETCATALOG_COMPILER_APPICON_NAME = AppIcon;
				CODE_SIGN_IDENTITY = "iPhone Developer";
				CODE_SIGN_STYLE = Automatic;
				CURRENT_PROJECT_VERSION = 1;
				DEVELOPMENT_TEAM = LC9HD3YWNR;
				ENABLE_PREVIEWS = YES;
				GENERATE_INFOPLIST_FILE = YES;
				INFOPLIST_KEY_CFBundleDisplayName = "Say it right!";
				INFOPLIST_KEY_ITSAppUsesNonExemptEncryption = NO;
				INFOPLIST_KEY_NSFaceIDUsageDescription = "Access parent settings";
				INFOPLIST_KEY_NSMicrophoneUsageDescription = "Record your voice for speaking exercises";
				INFOPLIST_KEY_NSSpeechRecognitionUsageDescription = "Voice input for speaking exercises";
				INFOPLIST_KEY_UIApplicationSceneManifest_Generation = YES;
				INFOPLIST_KEY_UIApplicationSupportsIndirectInputEvents = YES;
				INFOPLIST_KEY_UILaunchScreen_Generation = YES;
				INFOPLIST_KEY_UISupportedInterfaceOrientations_iPad = "UIInterfaceOrientationPortrait UIInterfaceOrientationPortraitUpsideDown UIInterfaceOrientationLandscapeLeft UIInterfaceOrientationLandscapeRight";
				INFOPLIST_KEY_UISupportedInterfaceOrientations_iPhone = "UIInterfaceOrientationPortrait UIInterfaceOrientationLandscapeLeft UIInterfaceOrientationLandscapeRight";
				LD_RUNPATH_SEARCH_PATHS = (
					"$(inherited)",
					"@executable_path/Frameworks",
				);
				MARKETING_VERSION = 0.1.0;
				PRODUCT_BUNDLE_IDENTIFIER = "io.mattern.say-it-right";
				PRODUCT_NAME = SayItRight;
				SDKROOT = iphoneos;
				SUPPORTS_MACCATALYST = NO;
				SWIFT_VERSION = 6.0;
				TARGETED_DEVICE_FAMILY = "1,2";
			};
			name = Release;
		};
/* End XCBuildConfiguration section */

/* Begin XCConfigurationList section */
		20D4E84FC50293A4D0CB8F0D /* Build configuration list for PBXNativeTarget "SayItRight_iOS" */ = {
			isa = XCConfigurationList;
			buildConfigurations = (
				AA8802A61AC01C05350E8ECA /* Debug */,
				F5C2FA144F9B5E1C22A05231 /* Release */,
			);
			defaultConfigurationIsVisible = 0;
			defaultConfigurationName = Debug;
		};
		59FBE44EFDD1609BBB342502 /* Build configuration list for PBXNativeTarget "SayItRightTests_iOS" */ = {
			isa = XCConfigurationList;
			buildConfigurations = (
				036F7642842D2CBC6FF43CEF /* Debug */,
				234CA4EEE94E43694F4F2E90 /* Release */,
			);
			defaultConfigurationIsVisible = 0;
			defaultConfigurationName = Debug;
		};
		75C51AF2730074CF2E9D90B9 /* Build configuration list for PBXNativeTarget "SayItRight_macOS" */ = {
			isa = XCConfigurationList;
			buildConfigurations = (
				B2AD3DF17A7F77B49816B03C /* Debug */,
				8A13D4FB6B83D3F396412275 /* Release */,
			);
			defaultConfigurationIsVisible = 0;
			defaultConfigurationName = Debug;
		};
		9A7F1925D8769B2AAF8543A7 /* Build configuration list for PBXNativeTarget "SayItRightTests_macOS" */ = {
			isa = XCConfigurationList;
			buildConfigurations = (
				BC349F47AB07E550BFEC1645 /* Debug */,
				A4DE9295BB3E776668B48B58 /* Release */,
			);
			defaultConfigurationIsVisible = 0;
			defaultConfigurationName = Debug;
		};
		CBAB4CC6FFC0597514961D53 /* Build configuration list for PBXProject "SayItRight" */ = {
			isa = XCConfigurationList;
			buildConfigurations = (
				698CC210F98B7E80FB0C8464 /* Debug */,
				8016E9E395BBBCBADF150B6A /* Release */,
			);
			defaultConfigurationIsVisible = 0;
			defaultConfigurationName = Debug;
		};
/* End XCConfigurationList section */
	};
	rootObject = 1CFBB297CD089A1499588882 /* Project object */;
}
